
Microsoft Visual Studio Solution File, Format Version 12.00
# Visual Studio Version 16
VisualStudioVersion = 16.0.29709.97
MinimumVisualStudioVersion = 10.0.40219.1
Project("{8BC9CEB8-8B4A-11D0-8D11-00A0C91BC942}") = "AutoBias", "AutoBias\AutoBias.vcxproj", "{A5DD15B5-CF5B-4668-A048-FAF346ED1455}"
EndProject
Project("{8BC9CEB8-8B4A-11D0-8D11-00A0C91BC942}") = "BiasViewer", "BiasViewer\BiasViewer.vcxproj", "{77B62B2B-F1D0-41CE-896C-1F30A7C6A4DE}"
EndProject
Global
	GlobalSection(SolutionConfigurationPlatforms) = preSolution
		Debug|x64 = Debug|x64
		Debug|x86 = Debug|x86
		Release|x64 = Release|x64
		Release|x86 = Release|x86
	EndGlobalSection
	GlobalSection(ProjectConfigurationPlatforms) = postSolution
		{A5DD15B5-CF5B-4668-A048-FAF346ED1455}.Debug|x64.ActiveCfg = Debug|x64
		{A5DD15B5-CF5B-4668-A048-FAF346ED1455}.Debug|x64.Build.0 = Debug|x64
		{A5DD15B5-CF5B-4668-A048-FAF346ED1455}.Debug|x86.ActiveCfg = Debug|Win32
		{A5DD15B5-CF5B-4668-A048-FAF346ED1455}.Debug|x86.Build.0 = Debug|Win32
		{A5DD15B5-CF5B-4668-A048-FAF346ED1455}.Release|x64.ActiveCfg = Release|x64
		{A5DD15B5-CF5B-4668-A048-FAF346ED1455}.Release|x64.Build.0 = Release|x64
		{A5DD15B5-CF5B-4668-A048-FAF346ED1455}.Release|x86.ActiveCfg = Release|Win32
		{A5DD15B5-CF5B-4668-A048-FAF346ED1455}.Release|x86.Build.0 = Release|Win32
		{77B62B2B-F1D0-41CE-896C-1F30A7C6A4DE}.Debug|x64.ActiveCfg = Debug|x64
		{77B62B2B-F1D0-41CE-896C-1F30A7C6A4DE}.Debug|x64.Build.0 = Debug|x64
		{77B62B2B-F1D0-41CE-896C-1F30A7C6A4DE}.Debug|x86.ActiveCfg = Debug|Win32
		{77B62B2B-F1D0-41CE-896C-1F30A7C6A4DE}.Debug|x86.Build.0 = Debug|Win32
		{77B62B2B-F1D0-41CE-896C-1F30A7C6A4DE}.Release|x64.ActiveCfg = Release|x64
		{77B62B2B-F1D0-41CE-896C-1F30A7C6A4DE}.Release|x64.Build.0 = Release|x64
		{77B62B2B-F1D0-41CE-896C-1F30A7C6A4DE}.Release|x86.ActiveCfg = Release|Win32
		{77B62B2B-F1D0-41CE-896C-1F30A7C6A4DE}.Release|x86.Build.0 = Release|Win32
	EndGlobalSection
	GlobalSection(SolutionProperties) = preSolution
		HideSolutionNode = FALSE
	EndGlobalSection
	GlobalSection(ExtensibilityGlobals) = postSolution
		SolutionGuid = {1C86AB7A-E60D-4800-9E79-7A60A8A3A12F}
	EndGlobalSection
EndGlobal
